PATH
  remote: .
  specs:
    cloud_lsp (0.1.0)
      ruby-lsp (>= 0.23.0)
      yard

GEM
  remote: https://rubygems.org/
  specs:
    language_server-protocol (3.17.0.5)
    logger (1.7.0)
    minitest (5.27.0)
    prism (1.9.0)
    rake (13.3.1)
    rbs (3.10.2)
      logger
    ruby-lsp (0.26.5)
      language_server-protocol (~> 3.17.0)
      prism (>= 1.2, < 2.0)
      rbs (>= 3, < 5)
    yard (0.9.38)

PLATFORMS
  ruby
  x86_64-linux

DEPENDENCIES
  cloud_lsp!
  minitest (~> 5.16)
  rake (~> 13.0)

BUNDLED WITH
   2.7.2
